// !$*UTF8*$!
{
	archiveVersion = 1;
	classes = {
	};
	objectVersion = 55;
	objects = {

/* Begin PBXBuildFile section */
		1AF9A9C3287C594200D6FFAD /* AppDelegate.swift in Sources */ = {isa = PBXBuildFile; fileRef = 1AF9A9C2287C594200D6FFAD /* AppDelegate.swift */; };
		1AF9A9C5287C594200D6FFAD /* SceneDelegate.swift in Sources */ = {isa = PBXBuildFile; fileRef = 1AF9A9C4287C594200D6FFAD /* SceneDelegate.swift */; };
		1AF9A9C7287C594200D6FFAD /* ViewController.swift in Sources */ = {isa = PBXBuildFile; fileRef = 1AF9A9C6287C594200D6FFAD /* ViewController.swift */; };
		1AF9A9CA287C594200D6FFAD /* Main.storyboard in Resources */ = {isa = PBXBuildFile; fileRef = 1AF9A9C8287C594200D6FFAD /* Main.storyboard */; };
		1AF9A9CC287C594600D6FFAD /* Assets.xcassets in Resources */ = {isa = PBXBuildFile; fileRef = 1AF9A9CB287C594600D6FFAD /* Assets.xcassets */; };
		1AF9A9CF287C594600D6FFAD /* LaunchScreen.storyboard in Resources */ = {isa = PBXBuildFile; fileRef = 1AF9A9CD287C594600D6FFAD /* LaunchScreen.storyboard */; };
		1AF9A9DA287C594600D6FFAD /* PreworkTests.swift in Sources */ = {isa = PBXBuildFile; fileRef = 1AF9A9D9287C594600D6FFAD /* PreworkTests.swift */; };
		1AF9A9E4287C594600D6FFAD /* PreworkUITests.swift in Sources */ = {isa = PBXBuildFile; fileRef = 1AF9A9E3287C594600D6FFAD /* PreworkUITests.swift */; };
		1AF9A9E6287C594600D6FFAD /* PreworkUITestsLaunchTests.swift in Sources */ = {isa = PBXBuildFile; fileRef = 1AF9A9E5287C594600D6FFAD /* PreworkUITestsLaunchTests.swift */; };
/* End PBXBuildFile section */

/* Begin PBXContainerItemProxy section */
		1AF9A9D6287C594600D6FFAD /* PBXContainerItemProxy */ = {
			isa = PBXContainerItemProxy;
			containerPortal = 1AF9A9B7287C594200D6FFAD /* Project object */;
			proxyType = 1;
			remoteGlobalIDString = 1AF9A9BE287C594200D6FFAD;
			remoteInfo = Prework;
		};
		1AF9A9E0287C594600D6FFAD /* PBXContainerItemProxy */ = {
			isa = PBXContainerItemProxy;
			containerPortal = 1AF9A9B7287C594200D6FFAD /* Project object */;
			proxyType = 1;
			remoteGlobalIDString = 1AF9A9BE287C594200D6FFAD;
			remoteInfo = Prework;
		};
/* End PBXContainerItemProxy section */

/* Begin PBXFileReference section */
		1AF9A9BF287C594200D6FFAD /* Tip-Calculator.app */ = {isa = PBXFileReference; explicitFileType = wrapper.application; includeInIndex = 0; path = "Tip-Calculator.app"; sourceTree = BUILT_PRODUCTS_DIR; };
		1AF9A9C2287C594200D6FFAD /* AppDelegate.swift */ = {isa = PBXFileReference; lastKnownFileType = sourcecode.swift; path = AppDelegate.swift; sourceTree = "<group>"; };
		1AF9A9C4287C594200D6FFAD /* SceneDelegate.swift */ = {isa = PBXFileReference; lastKnownFileType = sourcecode.swift; path = SceneDelegate.swift; sourceTree = "<group>"; };
		1AF9A9C6287C594200D6FFAD /* ViewController.swift */ = {isa = PBXFileReference; lastKnownFileType = sourcecode.swift; path = ViewController.swift; sourceTree = "<group>"; };
		1AF9A9C9287C594200D6FFAD /* Base */ = {isa = PBXFileReference; lastKnownFileType = file.storyboard; name = Base; path = Base.lproj/Main.storyboard; sourceTree = "<group>"; };
		1AF9A9CB287C594600D6FFAD /* Assets.xcassets */ = {isa = PBXFileReference; lastKnownFileType = folder.assetcatalog; path = Assets.xcassets; sourceTree = "<group>"; };
		1AF9A9CE287C594600D6FFAD /* Base */ = {isa = PBXFileReference; lastKnownFileType = file.storyboard; name = Base; path = Base.lproj/LaunchScreen.storyboard; sourceTree = "<group>"; };
		1AF9A9D0287C594600D6FFAD /* Info.plist */ = {isa = PBXFileReference; lastKnownFileType = text.plist.xml; path = Info.plist; sourceTree = "<group>"; };
		1AF9A9D5287C594600D6FFAD /* Tip-CalculatorTests.xctest */ = {isa = PBXFileReference; explicitFileType = wrapper.cfbundle; includeInIndex = 0; path = "Tip-CalculatorTests.xctest"; sourceTree = BUILT_PRODUCTS_DIR; };
		1AF9A9D9287C594600D6FFAD /* PreworkTests.swift */ = {isa = PBXFileReference; lastKnownFileType = sourcecode.swift; path = PreworkTests.swift; sourceTree = "<group>"; };
		1AF9A9DF287C594600D6FFAD /* Tip-CalculatorUITests.xctest */ = {isa = PBXFileReference; explicitFileType = wrapper.cfbundle; includeInIndex = 0; path = "Tip-CalculatorUITests.xctest"; sourceTree = BUILT_PRODUCTS_DIR; };
		1AF9A9E3287C594600D6FFAD /* PreworkUITests.swift */ = {isa = PBXFileReference; lastKnownFileType = sourcecode.swift; path = PreworkUITests.swift; sourceTree = "<group>"; };
		1AF9A9E5287C594600D6FFAD /* PreworkUITestsLaunchTests.swift */ = {isa = PBXFileReference; lastKnownFileType = sourcecode.swift; path = PreworkUITestsLaunchTests.swift; sourceTree = "<group>"; };
/* End PBXFileReference section */

/* Begin PBXFrameworksBuildPhase section */
		1AF9A9BC287C594200D6FFAD /* Frameworks */ = {
			isa = PBXFrameworksBuildPhase;
			buildActionMask = 2147483647;
			files = (
			);
			runOnlyForDeploymentPostprocessing = 0;
		};
		1AF9A9D2287C594600D6FFAD /* Frameworks */ = {
			isa = PBXFrameworksBuildPhase;
			buildActionMask = 2147483647;
			files = (
			);
			runOnlyForDeploymentPostprocessing = 0;
		};
		1AF9A9DC287C594600D6FFAD /* Frameworks */ = {
			isa = PBXFrameworksBuildPhase;
			buildActionMask = 2147483647;
			files = (
			);
			runOnlyForDeploymentPostprocessing = 0;
		};
/* End PBXFrameworksBuildPhase section */

/* Begin PBXGroup section */
		1AF9A9B6287C594200D6FFAD = {
			isa = PBXGroup;
			children = (
				1AF9A9C1287C594200D6FFAD /* Tip-Calculator */,
				1AF9A9D8287C594600D6FFAD /* TipCalculatorTests */,
				1AF9A9E2287C594600D6FFAD /* TipCalculatorUITests */,
				1AF9A9C0287C594200D6FFAD /* Products */,
			);
			sourceTree = "<group>";
		};
		1AF9A9C0287C594200D6FFAD /* Products */ = {
			isa = PBXGroup;
			children = (
				1AF9A9BF287C594200D6FFAD /* Tip-Calculator.app */,
				1AF9A9D5287C594600D6FFAD /* Tip-CalculatorTests.xctest */,
				1AF9A9DF287C594600D6FFAD /* Tip-CalculatorUITests.xctest */,
			);
			name = Products;
			sourceTree = "<group>";
		};
		1AF9A9C1287C594200D6FFAD /* Tip-Calculator */ = {
			isa = PBXGroup;
			children = (
				1AF9A9C2287C594200D6FFAD /* AppDelegate.swift */,
				1AF9A9C4287C594200D6FFAD /* SceneDelegate.swift */,
				1AF9A9C6287C594200D6FFAD /* ViewController.swift */,
				1AF9A9C8287C594200D6FFAD /* Main.storyboard */,
				1AF9A9CB287C594600D6FFAD /* Assets.xcassets */,
				1AF9A9CD287C594600D6FFAD /* LaunchScreen.storyboard */,
				1AF9A9D0287C594600D6FFAD /* Info.plist */,
			);
			path = "Tip-Calculator";
			sourceTree = "<group>";
		};
		1AF9A9D8287C594600D6FFAD /* TipCalculatorTests */ = {
			isa = PBXGroup;
			children = (
				1AF9A9D9287C594600D6FFAD /* PreworkTests.swift */,
			);
			path = TipCalculatorTests;
			sourceTree = "<group>";
		};
		1AF9A9E2287C594600D6FFAD /* TipCalculatorUITests */ = {
			isa = PBXGroup;
			children = (
				1AF9A9E3287C594600D6FFAD /* PreworkUITests.swift */,
				1AF9A9E5287C594600D6FFAD /* PreworkUITestsLaunchTests.swift */,
			);
			path = TipCalculatorUITests;
			sourceTree = "<group>";
		};
/* End PBXGroup section */

/* Begin PBXNativeTarget section */
		1AF9A9BE287C594200D6FFAD /* Tip-Calculator */ = {
			isa = PBXNativeTarget;
			buildConfigurationList = 1AF9A9E9287C594600D6FFAD /* Build configuration list for PBXNativeTarget "Tip-Calculator" */;
			buildPhases = (
				1AF9A9BB287C594200D6FFAD /* Sources */,
				1AF9A9BC287C594200D6FFAD /* Frameworks */,
				1AF9A9BD287C594200D6FFAD /* Resources */,
			);
			buildRules = (
			);
			dependencies = (
			);
			name = "Tip-Calculator";
			productName = Prework;
			productReference = 1AF9A9BF287C594200D6FFAD /* Tip-Calculator.app */;
			productType = "com.apple.product-type.application";
		};
		1AF9A9D4287C594600D6FFAD /* Tip-CalculatorTests */ = {
			isa = PBXNativeTarget;
			buildConfigurationList = 1AF9A9EC287C594600D6FFAD /* Build configuration list for PBXNativeTarget "Tip-CalculatorTests" */;
			buildPhases = (
				1AF9A9D1287C594600D6FFAD /* Sources */,
				1AF9A9D2287C594600D6FFAD /* Frameworks */,
				1AF9A9D3287C594600D6FFAD /* Resources */,
			);
			buildRules = (
			);
			dependencies = (
				1AF9A9D7287C594600D6FFAD /* PBXTargetDependency */,
			);
			name = "Tip-CalculatorTests";
			productName = PreworkTests;
			productReference = 1AF9A9D5287C594600D6FFAD /* Tip-CalculatorTests.xctest */;
			productType = "com.apple.product-type.bundle.unit-test";
		};
		1AF9A9DE287C594600D6FFAD /* Tip-CalculatorUITests */ = {
			isa = PBXNativeTarget;
			buildConfigurationList = 1AF9A9EF287C594600D6FFAD /* Build configuration list for PBXNativeTarget "Tip-CalculatorUITests" */;
			buildPhases = (
				1AF9A9DB287C594600D6FFAD /* Sources */,
				1AF9A9DC287C594600D6FFAD /* Frameworks */,
				1AF9A9DD287C594600D6FFAD /* Resources */,
			);
			buildRules = (
			);
			dependencies = (
				1AF9A9E1287C594600D6FFAD /* PBXTargetDependency */,
			);
			name = "Tip-CalculatorUITests";
			productName = PreworkUITests;
			productReference = 1AF9A9DF287C594600D6FFAD /* Tip-CalculatorUITests.xctest */;
			productType = "com.apple.product-type.bundle.ui-testing";
		};
/* End PBXNativeTarget section */

/* Begin PBXProject section */
		1AF9A9B7287C594200D6FFAD /* Project object */ = {
			isa = PBXProject;
			attributes = {
				BuildIndependentTargetsInParallel = 1;
				LastSwiftUpdateCheck = 1340;
				LastUpgradeCheck = 1340;
				TargetAttributes = {
					1AF9A9BE287C594200D6FFAD = {
						CreatedOnToolsVersion = 13.4.1;
					};
					1AF9A9D4287C594600D6FFAD = {
						CreatedOnToolsVersion = 13.4.1;
						TestTargetID = 1AF9A9BE287C594200D6FFAD;
					};
					1AF9A9DE287C594600D6FFAD = {
						CreatedOnToolsVersion = 13.4.1;
						TestTargetID = 1AF9A9BE287C594200D6FFAD;
					};
				};
			};
			buildConfigurationList = 1AF9A9BA287C594200D6FFAD /* Build configuration list for PBXProject "Tip-Calculator" */;
			compatibilityVersion = "Xcode 13.0";
			developmentRegion = en;
			hasScannedForEncodings = 0;
			knownRegions = (
				en,
				Base,
			);
			mainGroup = 1AF9A9B6287C594200D6FFAD;
			productRefGroup = 1AF9A9C0287C594200D6FFAD /* Products */;
			projectDirPath = "";
			projectRoot = "";
			targets = (
				1AF9A9BE287C594200D6FFAD /* Tip-Calculator */,
				1AF9A9D4287C594600D6FFAD /* Tip-CalculatorTests */,
				1AF9A9DE287C594600D6FFAD /* Tip-CalculatorUITests */,
			);
		};
/* End PBXProject section */

/* Begin PBXResourcesBuildPhase section */
		1AF9A9BD287C594200D6FFAD /* Resources */ = {
			isa = PBXResourcesBuildPhase;
			buildActionMask = 2147483647;
			files = (
				1AF9A9CF287C594600D6FFAD /* LaunchScreen.storyboard in Resources */,
				1AF9A9CC287C594600D6FFAD /* Assets.xcassets in Resources */,
				1AF9A9CA287C594200D6FFAD /* Main.storyboard in Resources */,
			);
			runOnlyForDeploymentPostprocessing = 0;
		};
		1AF9A9D3287C594600D6FFAD /* Resources */ = {
			isa = PBXResourcesBuildPhase;
			buildActionMask = 2147483647;
			files = (
			);
			runOnlyForDeploymentPostprocessing = 0;
		};
		1AF9A9DD287C594600D6FFAD /* Resources */ = {
			isa = PBXResourcesBuildPhase;
			buildActionMask = 2147483647;
			files = (
			);
			runOnlyForDeploymentPostprocessing = 0;
		};
/* End PBXResourcesBuildPhase section */

/* Begin PBXSourcesBuildPhase section */
		1AF9A9BB287C594200D6FFAD /* Sources */ = {
			isa = PBXSourcesBuildPhase;
			buildActionMask = 2147483647;
			files = (
				1AF9A9C7287C594200D6FFAD /* ViewController.swift in Sources */,
				1AF9A9C3287C594200D6FFAD /* AppDelegate.swift in Sources */,
				1AF9A9C5287C594200D6FFAD /* SceneDelegate.swift in Sources */,
			);
			runOnlyForDeploymentPostprocessing = 0;
		};
		1AF9A9D1287C594600D6FFAD /* Sources */ = {
			isa = PBXSourcesBuildPhase;
			buildActionMask = 2147483647;
			files = (
				1AF9A9DA287C594600D6FFAD /* PreworkTests.swift in Sources */,
			);
			runOnlyForDeploymentPostprocessing = 0;
		};
		1AF9A9DB287C594600D6FFAD /* Sources */ = {
			isa = PBXSourcesBuildPhase;
			buildActionMask = 2147483647;
			files = (
				1AF9A9E4287C594600D6FFAD /* PreworkUITests.swift in Sources */,
				1AF9A9E6287C594600D6FFAD /* PreworkUITestsLaunchTests.swift in Sources */,
			);
			runOnlyForDeploymentPostprocessing = 0;
		};
/* End PBXSourcesBuildPhase section */

/* Begin PBXTargetDependency section */
		1AF9A9D7287C594600D6FFAD /* PBXTargetDependency */ = {
			isa = PBXTargetDependency;
			target = 1AF9A9BE287C594200D6FFAD /* Tip-Calculator */;
			targetProxy = 1AF9A9D6287C594600D6FFAD /* PBXContainerItemProxy */;
		};
		1AF9A9E1287C594600D6FFAD /* PBXTargetDependency */ = {
			isa = PBXTargetDependency;
			target = 1AF9A9BE287C594200D6FFAD /* Tip-Calculator */;
			targetProxy = 1AF9A9E0287C594600D6FFAD /* PBXContainerItemProxy */;
		};
/* End PBXTargetDependency section */

/* Begin PBXVariantGroup section */
		1AF9A9C8287C594200D6FFAD /* Main.storyboard */ = {
			isa = PBXVariantGroup;
			children = (
				1AF9A9C9287C594200D6FFAD /* Base */,
			);
			name = Main.storyboard;
			sourceTree = "<group>";
		};
		1AF9A9CD287C594600D6FFAD /* LaunchScreen.storyboard */ = {
			isa = PBXVariantGroup;
			children = (
				1AF9A9CE287C594600D6FFAD /* Base */,
			);
			name = LaunchScreen.storyboard;
			sourceTree = "<group>";
		};
/* End PBXVariantGroup section */

/* Begin XCBuildConfiguration section */
		1AF9A9E7287C594600D6FFAD /* Debug */ = {
			isa = XCBuildConfiguration;
			buildSettings = {
				ALWAYS_SEARCH_USER_PATHS = NO;
				CLANG_ANALYZER_NONNULL = YES;
				CLANG_ANALYZER_NUMBER_OBJECT_CONVERSION = YES_AGGRESSIVE;
				CLANG_CXX_LANGUAGE_STANDARD = "gnu++17";
				CLANG_ENABLE_MODULES = YES;
				CLANG_ENABLE_OBJC_ARC = YES;
				CLANG_ENABLE_OBJC_WEAK = YES;
				CLANG_WARN_BLOCK_CAPTURE_AUTORELEASING = YES;
				CLANG_WARN_BOOL_CONVERSION = YES;
				CLANG_WARN_COMMA = YES;
				CLANG_WARN_CONSTANT_CONVERSION = YES;
				CLANG_WARN_DEPRECATED_OBJC_IMPLEMENTATIONS = YES;
				CLANG_WARN_DIRECT_OBJC_ISA_USAGE = YES_ERROR;
				CLANG_WARN_DOCUMENTATION_COMMENTS = YES;
				CLANG_WARN_EMPTY_BODY = YES;
				CLANG_WARN_ENUM_CONVERSION = YES;
				CLANG_WARN_INFINITE_RECURSION = YES;
				CLANG_WARN_INT_CONVERSION = YES;
				CLANG_WARN_NON_LITERAL_NULL_CONVERSION = YES;
				CLANG_WARN_OBJC_IMPLICIT_RETAIN_SELF = YES;
				CLANG_WARN_OBJC_LITERAL_CONVERSION = YES;
				CLANG_WARN_OBJC_ROOT_CLASS = YES_ERROR;
				CLANG_WARN_QUOTED_INCLUDE_IN_FRAMEWORK_HEADER = YES;
				CLANG_WARN_RANGE_LOOP_ANALYSIS = YES;
				CLANG_WARN_STRICT_PROTOTYPES = YES;
				CLANG_WARN_SUSPICIOUS_MOVE = YES;
				CLANG_WARN_UNGUARDED_AVAILABILITY = YES_AGGRESSIVE;
				CLANG_WARN_UNREACHABLE_CODE = YES;
				CLANG_WARN__DUPLICATE_METHOD_MATCH = YES;
				COPY_PHASE_STRIP = NO;
				DEBUG_INFORMATION_FORMAT = dwarf;
				ENABLE_STRICT_OBJC_MSGSEND = YES;
				ENABLE_TESTABILITY = YES;
				GCC_C_LANGUAGE_STANDARD = gnu11;
				GCC_DYNAMIC_NO_PIC = NO;
				GCC_NO_COMMON_BLOCKS = YES;
				GCC_OPTIMIZATION_LEVEL = 0;
				GCC_PREPROCESSOR_DEFINITIONS = (
					"DEBUG=1",
					"$(inherited)",
				);
				GCC_WARN_64_TO_32_BIT_CONVERSION = YES;
				GCC_WARN_ABOUT_RETURN_TYPE = YES_ERROR;
				GCC_WARN_UNDECLARED_SELECTOR = YES;
				GCC_WARN_UNINITIALIZED_AUTOS = YES_AGGRESSIVE;
				GCC_WARN_UNUSED_FUNCTION = YES;
				GCC_WARN_UNUSED_VARIABLE = YES;
				IPHONEOS_DEPLOYMENT_TARGET = 15.5;
				MTL_ENABLE_DEBUG_INFO = INCLUDE_SOURCE;
				MTL_FAST_MATH = YES;
				ONLY_ACTIVE_ARCH = YES;
				SDKROOT = iphoneos;
				SWIFT_ACTIVE_COMPILATION_CONDITIONS = DEBUG;
				SWIFT_OPTIMIZATION_LEVEL = "-Onone";
			};
			name = Debug;
		};
		1AF9A9E8287C594600D6FFAD /* Release */ = {
			isa = XCBuildConfiguration;
			buildSettings = {
				ALWAYS_SEARCH_USER_PATHS = NO;
				CLANG_ANALYZER_NONNULL = YES;
				CLANG_ANALYZER_NUMBER_OBJECT_CONVERSION = YES_AGGRESSIVE;
				CLANG_CXX_LANGUAGE_STANDARD = "gnu++17";
				CLANG_ENABLE_MODULES = YES;
				CLANG_ENABLE_OBJC_ARC = YES;
				CLANG_ENABLE_OBJC_WEAK = YES;
				CLANG_WARN_BLOCK_CAPTURE_AUTORELEASING = YES;
				CLANG_WARN_BOOL_CONVERSION = YES;
				CLANG_WARN_COMMA = YES;
				CLANG_WARN_CONSTANT_CONVERSION = YES;
				CLANG_WARN_DEPRECATED_OBJC_IMPLEMENTATIONS = YES;
				CLANG_WARN_DIRECT_OBJC_ISA_USAGE = YES_ERROR;
				CLANG_WARN_DOCUMENTATION_COMMENTS = YES;
				CLANG_WARN_EMPTY_BODY = YES;
				CLANG_WARN_ENUM_CONVERSION = YES;
				CLANG_WARN_INFINITE_RECURSION = YES;
				CLANG_WARN_INT_CONVERSION = YES;
				CLANG_WARN_NON_LITERAL_NULL_CONVERSION = YES;
				CLANG_WARN_OBJC_IMPLICIT_RETAIN_SELF = YES;
				CLANG_WARN_OBJC_LITERAL_CONVERSION = YES;
				CLANG_WARN_OBJC_ROOT_CLASS = YES_ERROR;
				CLANG_WARN_QUOTED_INCLUDE_IN_FRAMEWORK_HEADER = YES;
				CLANG_WARN_RANGE_LOOP_ANALYSIS = YES;
				CLANG_WARN_STRICT_PROTOTYPES = YES;
				CLANG_WARN_SUSPICIOUS_MOVE = YES;
				CLANG_WARN_UNGUARDED_AVAILABILITY = YES_AGGRESSIVE;
				CLANG_WARN_UNREACHABLE_CODE = YES;
				CLANG_WARN__DUPLICATE_METHOD_MATCH = YES;
				COPY_PHASE_STRIP = NO;
				DEBUG_INFORMATION_FORMAT = "dwarf-with-dsym";
				ENABLE_NS_ASSERTIONS = NO;
				ENABLE_STRICT_OBJC_MSGSEND = YES;
				GCC_C_LANGUAGE_STANDARD = gnu11;
				GCC_NO_COMMON_BLOCKS = YES;
				GCC_WARN_64_TO_32_BIT_CONVERSION = YES;
				GCC_WARN_ABOUT_RETURN_TYPE = YES_ERROR;
				GCC_WARN_UNDECLARED_SELECTOR = YES;
				GCC_WARN_UNINITIALIZED_AUTOS = YES_AGGRESSIVE;
				GCC_WARN_UNUSED_FUNCTION = YES;
				GCC_WARN_UNUSED_VARIABLE = YES;
				IPHONEOS_DEPLOYMENT_TARGET = 15.5;
				MTL_ENABLE_DEBUG_INFO = NO;
				MTL_FAST_MATH = YES;
				SDKROOT = iphoneos;
				SWIFT_COMPILATION_MODE = wholemodule;
				SWIFT_OPTIMIZATION_LEVEL = "-O";
				VALIDATE_PRODUCT = YES;
			};
			name = Release;
		};
		1AF9A9EA287C594600D6FFAD /* Debug */ = {
			isa = XCBuildConfiguration;
			buildSettings = {
				ASSETCATALOG_COMPILER_APPICON_NAME = AppIcon;
				ASSETCATALOG_COMPILER_GLOBAL_ACCENT_COLOR_NAME = AccentColor;
				CODE_SIGN_STYLE = Automatic;
				CURRENT_PROJECT_VERSION = 1;
				GENERATE_INFOPLIST_FILE = YES;
				INFOPLIST_FILE = Prework/Info.plist;
				INFOPLIST_KEY_UIApplicationSupportsIndirectInputEvents = YES;
				INFOPLIST_KEY_UILaunchStoryboardName = LaunchScreen;
				INFOPLIST_KEY_UIMainStoryboardFile = Main;
				INFOPLIST_KEY_UISupportedInterfaceOrientations_iPad = "UIInterfaceOrientationPortrait UIInterfaceOrientationPortraitUpsideDown UIInterfaceOrientationLandscapeLeft UIInterfaceOrientationLandscapeRight";
				INFOPLIST_KEY_UISupportedInterfaceOrientations_iPhone = "UIInterfaceOrientationPortrait UIInterfaceOrientationLandscapeLeft UIInterfaceOrientationLandscapeRight";
				LD_RUNPATH_SEARCH_PATHS = (
					"$(inherited)",
					"@executable_path/Frameworks",
				);
				MARKETING_VERSION = 1.0;
				PRODUCT_BUNDLE_IDENTIFIER = memo.com.Prework;
				PRODUCT_NAME = "$(TARGET_NAME)";
				SWIFT_EMIT_LOC_STRINGS = YES;
				SWIFT_VERSION = 5.0;
				TARGETED_DEVICE_FAMILY = "1,2";
			};
			name = Debug;
		};
		1AF9A9EB287C594600D6FFAD /* Release */ = {
			isa = XCBuildConfiguration;
			buildSettings = {
				ASSETCATALOG_COMPILER_APPICON_NAME = AppIcon;
				ASSETCATALOG_COMPILER_GLOBAL_ACCENT_COLOR_NAME = AccentColor;
				CODE_SIGN_STYLE = Automatic;
				CURRENT_PROJECT_VERSION = 1;
				GENERATE_INFOPLIST_FILE = YES;
				INFOPLIST_FILE = Prework/Info.plist;
				INFOPLIST_KEY_UIApplicationSupportsIndirectInputEvents = YES;
				INFOPLIST_KEY_UILaunchStoryboardName = LaunchScreen;
				INFOPLIST_KEY_UIMainStoryboardFile = Main;
				INFOPLIST_KEY_UISupportedInterfaceOrientations_iPad = "UIInterfaceOrientationPortrait UIInterfaceOrientationPortraitUpsideDown UIInterfaceOrientationLandscapeLeft UIInterfaceOrientationLandscapeRight";
				INFOPLIST_KEY_UISupportedInterfaceOrientations_iPhone = "UIInterfaceOrientationPortrait UIInterfaceOrientationLandscapeLeft UIInterfaceOrientationLandscapeRight";
				LD_RUNPATH_SEARCH_PATHS = (
					"$(inherited)",
					"@executable_path/Frameworks",
				);
				MARKETING_VERSION = 1.0;
				PRODUCT_BUNDLE_IDENTIFIER = memo.com.Prework;
				PRODUCT_NAME = "$(TARGET_NAME)";
				SWIFT_EMIT_LOC_STRINGS = YES;
				SWIFT_VERSION = 5.0;
				TARGETED_DEVICE_FAMILY = "1,2";
			};
			name = Release;
		};
		1AF9A9ED287C594600D6FFAD /* Debug */ = {
			isa = XCBuildConfiguration;
			buildSettings = {
				ALWAYS_EMBED_SWIFT_STANDARD_LIBRARIES = YES;
				BUNDLE_LOADER = "$(TEST_HOST)";
				CODE_SIGN_STYLE = Automatic;
				CURRENT_PROJECT_VERSION = 1;
				GENERATE_INFOPLIST_FILE = YES;
				IPHONEOS_DEPLOYMENT_TARGET = 15.5;
				MARKETING_VERSION = 1.0;
				PRODUCT_BUNDLE_IDENTIFIER = memo.com.PreworkTests;
				PRODUCT_NAME = "$(TARGET_NAME)";
				SWIFT_EMIT_LOC_STRINGS = NO;
				SWIFT_VERSION = 5.0;
				TARGETED_DEVICE_FAMILY = "1,2";
				TEST_HOST = "$(BUILT_PRODUCTS_DIR)/Tip-Calculator.app/Tip-Calculator";
			};
			name = Debug;
		};
		1AF9A9EE287C594600D6FFAD /* Release */ = {
			isa = XCBuildConfiguration;
			buildSettings = {
				ALWAYS_EMBED_SWIFT_STANDARD_LIBRARIES = YES;
				BUNDLE_LOADER = "$(TEST_HOST)";
				CODE_SIGN_STYLE = Automatic;
				CURRENT_PROJECT_VERSION = 1;
				GENERATE_INFOPLIST_FILE = YES;
				IPHONEOS_DEPLOYMENT_TARGET = 15.5;
				MARKETING_VERSION = 1.0;
				PRODUCT_BUNDLE_IDENTIFIER = memo.com.PreworkTests;
				PRODUCT_NAME = "$(TARGET_NAME)";
				SWIFT_EMIT_LOC_STRINGS = NO;
				SWIFT_VERSION = 5.0;
				TARGETED_DEVICE_FAMILY = "1,2";
				TEST_HOST = "$(BUILT_PRODUCTS_DIR)/Tip-Calculator.app/Tip-Calculator";
			};
			name = Release;
		};
		1AF9A9F0287C594600D6FFAD /* Debug */ = {
			isa = XCBuildConfiguration;
			buildSettings = {
				ALWAYS_EMBED_SWIFT_STANDARD_LIBRARIES = YES;
				CODE_SIGN_STYLE = Automatic;
				CURRENT_PROJECT_VERSION = 1;
				GENERATE_INFOPLIST_FILE = YES;
				MARKETING_VERSION = 1.0;
				PRODUCT_BUNDLE_IDENTIFIER = memo.com.PreworkUITests;
				PRODUCT_NAME = "$(TARGET_NAME)";
				SWIFT_EMIT_LOC_STRINGS = NO;
				SWIFT_VERSION = 5.0;
				TARGETED_DEVICE_FAMILY = "1,2";
				TEST_TARGET_NAME = Prework;
			};
			name = Debug;
		};
		1AF9A9F1287C594600D6FFAD /* Release */ = {
			isa = XCBuildConfiguration;
			buildSettings = {
				ALWAYS_EMBED_SWIFT_STANDARD_LIBRARIES = YES;
				CODE_SIGN_STYLE = Automatic;
				CURRENT_PROJECT_VERSION = 1;
				GENERATE_INFOPLIST_FILE = YES;
				MARKETING_VERSION = 1.0;
				PRODUCT_BUNDLE_IDENTIFIER = memo.com.PreworkUITests;
				PRODUCT_NAME = "$(TARGET_NAME)";
				SWIFT_EMIT_LOC_STRINGS = NO;
				SWIFT_VERSION = 5.0;
				TARGETED_DEVICE_FAMILY = "1,2";
				TEST_TARGET_NAME = Prework;
			};
			name = Release;
		};
/* End XCBuildConfiguration section */

/* Begin XCConfigurationList section */
		1AF9A9BA287C594200D6FFAD /* Build configuration list for PBXProject "Tip-Calculator" */ = {
			isa = XCConfigurationList;
			buildConfigurations = (
				1AF9A9E7287C594600D6FFAD /* Debug */,
				1AF9A9E8287C594600D6FFAD /* Release */,
			);
			defaultConfigurationIsVisible = 0;
			defaultConfigurationName = Release;
		};
		1AF9A9E9287C594600D6FFAD /* Build configuration list for PBXNativeTarget "Tip-Calculator" */ = {
			isa = XCConfigurationList;
			buildConfigurations = (
				1AF9A9EA287C594600D6FFAD /* Debug */,
				1AF9A9EB287C594600D6FFAD /* Release */,
			);
			defaultConfigurationIsVisible = 0;
			defaultConfigurationName = Release;
		};
		1AF9A9EC287C594600D6FFAD /* Build configuration list for PBXNativeTarget "Tip-CalculatorTests" */ = {
			isa = XCConfigurationList;
			buildConfigurations = (
				1AF9A9ED287C594600D6FFAD /* Debug */,
				1AF9A9EE287C594600D6FFAD /* Release */,
			);
			defaultConfigurationIsVisible = 0;
			defaultConfigurationName = Release;
		};
		1AF9A9EF287C594600D6FFAD /* Build configuration list for PBXNativeTarget "Tip-CalculatorUITests" */ = {
			isa = XCConfigurationList;
			buildConfigurations = (
				1AF9A9F0287C594600D6FFAD /* Debug */,
				1AF9A9F1287C594600D6FFAD /* Release */,
			);
			defaultConfigurationIsVisible = 0;
			defaultConfigurationName = Release;
		};
/* End XCConfigurationList section */
	};
	rootObject = 1AF9A9B7287C594200D6FFAD /* Project object */;
}
